
Microsoft Visual Studio Solution File, Format Version 12.00
# Visual Studio 15
VisualStudioVersion = 15.0.27130.2036
MinimumVisualStudioVersion = 10.0.40219.1
Project("{FAE04EC0-301F-11D3-BF4B-00C04F79EFBC}") = "Task_2", "Task_2\Task_2.csproj", "{DD8B49E1-A0BC-444D-A642-0654C004289F}"
EndProject
Global
	GlobalSection(SolutionConfigurationPlatforms) = preSolution
		Debug|Any CPU = Debug|Any CPU
		Release|Any CPU = Release|Any CPU
	EndGlobalSection
	GlobalSection(ProjectConfigurationPlatforms) = postSolution
		{DD8B49E1-A0BC-444D-A642-0654C004289F}.Debug|Any CPU.ActiveCfg = Debug|Any CPU
		{DD8B49E1-A0BC-444D-A642-0654C004289F}.Debug|Any CPU.Build.0 = Debug|Any CPU
		{DD8B49E1-A0BC-444D-A642-0654C004289F}.Release|Any CPU.ActiveCfg = Release|Any CPU
		{DD8B49E1-A0BC-444D-A642-0654C004289F}.Release|Any CPU.Build.0 = Release|Any CPU
	EndGlobalSection
	GlobalSection(SolutionProperties) = preSolution
		HideSolutionNode = FALSE
	EndGlobalSection
	GlobalSection(ExtensibilityGlobals) = postSolution
		SolutionGuid = {A9702BC7-25BF-4900-A30F-847385BB45A4}
	EndGlobalSection
EndGlobal
