
Microsoft Visual Studio Solution File, Format Version 12.00
# Visual Studio 15
VisualStudioVersion = 15.0.27428.1
MinimumVisualStudioVersion = 10.0.40219.1
Project("{FAE04EC0-301F-11D3-BF4B-00C04F79EFBC}") = "6_Array_task_1", "6_Array_task_1\6_Array_task_1.csproj", "{AE859EA0-C375-462C-9E7B-386181954025}"
EndProject
Global
	GlobalSection(SolutionConfigurationPlatforms) = preSolution
		Debug|Any CPU = Debug|Any CPU
		Release|Any CPU = Release|Any CPU
	EndGlobalSection
	GlobalSection(ProjectConfigurationPlatforms) = postSolution
		{AE859EA0-C375-462C-9E7B-386181954025}.Debug|Any CPU.ActiveCfg = Debug|Any CPU
		{AE859EA0-C375-462C-9E7B-386181954025}.Debug|Any CPU.Build.0 = Debug|Any CPU
		{AE859EA0-C375-462C-9E7B-386181954025}.Release|Any CPU.ActiveCfg = Release|Any CPU
		{AE859EA0-C375-462C-9E7B-386181954025}.Release|Any CPU.Build.0 = Release|Any CPU
	EndGlobalSection
	GlobalSection(SolutionProperties) = preSolution
		HideSolutionNode = FALSE
	EndGlobalSection
	GlobalSection(ExtensibilityGlobals) = postSolution
		SolutionGuid = {AD27DB54-F603-4415-8AD1-2F09DB8AD877}
	EndGlobalSection
EndGlobal
