
Microsoft Visual Studio Solution File, Format Version 12.00
# Visual Studio 15
VisualStudioVersion = 15.0.27130.2036
MinimumVisualStudioVersion = 10.0.40219.1
Project("{FAE04EC0-301F-11D3-BF4B-00C04F79EFBC}") = "Example_1", "Example_1\Example_1.csproj", "{B5F2202C-1286-4881-B5CF-60523BBDF707}"
EndProject
Project("{FAE04EC0-301F-11D3-BF4B-00C04F79EFBC}") = "Task_3", "..\Task_3\Task_3.csproj", "{B002CE3E-DEAB-4D47-8D8D-6CA3C06BD40E}"
EndProject
Global
	GlobalSection(SolutionConfigurationPlatforms) = preSolution
		Debug|Any CPU = Debug|Any CPU
		Release|Any CPU = Release|Any CPU
	EndGlobalSection
	GlobalSection(ProjectConfigurationPlatforms) = postSolution
		{B5F2202C-1286-4881-B5CF-60523BBDF707}.Debug|Any CPU.ActiveCfg = Debug|Any CPU
		{B5F2202C-1286-4881-B5CF-60523BBDF707}.Debug|Any CPU.Build.0 = Debug|Any CPU
		{B5F2202C-1286-4881-B5CF-60523BBDF707}.Release|Any CPU.ActiveCfg = Release|Any CPU
		{B5F2202C-1286-4881-B5CF-60523BBDF707}.Release|Any CPU.Build.0 = Release|Any CPU
		{B002CE3E-DEAB-4D47-8D8D-6CA3C06BD40E}.Debug|Any CPU.ActiveCfg = Debug|Any CPU
		{B002CE3E-DEAB-4D47-8D8D-6CA3C06BD40E}.Debug|Any CPU.Build.0 = Debug|Any CPU
		{B002CE3E-DEAB-4D47-8D8D-6CA3C06BD40E}.Release|Any CPU.ActiveCfg = Release|Any CPU
		{B002CE3E-DEAB-4D47-8D8D-6CA3C06BD40E}.Release|Any CPU.Build.0 = Release|Any CPU
	EndGlobalSection
	GlobalSection(SolutionProperties) = preSolution
		HideSolutionNode = FALSE
	EndGlobalSection
	GlobalSection(ExtensibilityGlobals) = postSolution
		SolutionGuid = {6980B8E7-97BE-476A-8363-B1D964896805}
	EndGlobalSection
EndGlobal
