
Microsoft Visual Studio Solution File, Format Version 12.00
# Visual Studio 15
VisualStudioVersion = 15.0.27130.2036
MinimumVisualStudioVersion = 10.0.40219.1
Project("{FAE04EC0-301F-11D3-BF4B-00C04F79EFBC}") = "Task_2", "Task_2\Task_2.csproj", "{6AE92943-B28A-43E0-8704-5D8EBB56A39F}"
EndProject
Global
	GlobalSection(SolutionConfigurationPlatforms) = preSolution
		Debug|Any CPU = Debug|Any CPU
		Release|Any CPU = Release|Any CPU
	EndGlobalSection
	GlobalSection(ProjectConfigurationPlatforms) = postSolution
		{6AE92943-B28A-43E0-8704-5D8EBB56A39F}.Debug|Any CPU.ActiveCfg = Debug|Any CPU
		{6AE92943-B28A-43E0-8704-5D8EBB56A39F}.Debug|Any CPU.Build.0 = Debug|Any CPU
		{6AE92943-B28A-43E0-8704-5D8EBB56A39F}.Release|Any CPU.ActiveCfg = Release|Any CPU
		{6AE92943-B28A-43E0-8704-5D8EBB56A39F}.Release|Any CPU.Build.0 = Release|Any CPU
	EndGlobalSection
	GlobalSection(SolutionProperties) = preSolution
		HideSolutionNode = FALSE
	EndGlobalSection
	GlobalSection(ExtensibilityGlobals) = postSolution
		SolutionGuid = {CBF3F35F-FF66-4275-83D3-D8C345CDDE53}
	EndGlobalSection
EndGlobal
