
Microsoft Visual Studio Solution File, Format Version 12.00
# Visual Studio 15
VisualStudioVersion = 15.0.27428.1
MinimumVisualStudioVersion = 10.0.40219.1
Project("{FAE04EC0-301F-11D3-BF4B-00C04F79EFBC}") = "MAxValueSeq", "MAxValueSeq\MAxValueSeq.csproj", "{FF2932D5-0F34-4A73-9F5C-0F065B1449A5}"
EndProject
Global
	GlobalSection(SolutionConfigurationPlatforms) = preSolution
		Debug|Any CPU = Debug|Any CPU
		Release|Any CPU = Release|Any CPU
	EndGlobalSection
	GlobalSection(ProjectConfigurationPlatforms) = postSolution
		{FF2932D5-0F34-4A73-9F5C-0F065B1449A5}.Debug|Any CPU.ActiveCfg = Debug|Any CPU
		{FF2932D5-0F34-4A73-9F5C-0F065B1449A5}.Debug|Any CPU.Build.0 = Debug|Any CPU
		{FF2932D5-0F34-4A73-9F5C-0F065B1449A5}.Release|Any CPU.ActiveCfg = Release|Any CPU
		{FF2932D5-0F34-4A73-9F5C-0F065B1449A5}.Release|Any CPU.Build.0 = Release|Any CPU
	EndGlobalSection
	GlobalSection(SolutionProperties) = preSolution
		HideSolutionNode = FALSE
	EndGlobalSection
	GlobalSection(ExtensibilityGlobals) = postSolution
		SolutionGuid = {103DB383-E5FC-4D08-9886-3E95C9A0E160}
	EndGlobalSection
EndGlobal
