
Microsoft Visual Studio Solution File, Format Version 12.00
# Visual Studio Version 16
VisualStudioVersion = 16.0.29728.190
MinimumVisualStudioVersion = 10.0.40219.1
Project("{9A19103F-16F7-4668-BE54-9A1E7A4F7556}") = "ConsoleSandBox", "ConsoleSandBox\ConsoleSandBox.csproj", "{FF9D356E-BD58-499D-BE44-714D3A51F6D9}"
EndProject
Project("{FAE04EC0-301F-11D3-BF4B-00C04F79EFBC}") = "Collection", "Collection\Collection.csproj", "{555F1341-9E06-4ABE-9649-B30525F219B9}"
EndProject
Global
	GlobalSection(SolutionConfigurationPlatforms) = preSolution
		Debug|Any CPU = Debug|Any CPU
		Release|Any CPU = Release|Any CPU
	EndGlobalSection
	GlobalSection(ProjectConfigurationPlatforms) = postSolution
		{FF9D356E-BD58-499D-BE44-714D3A51F6D9}.Debug|Any CPU.ActiveCfg = Debug|Any CPU
		{FF9D356E-BD58-499D-BE44-714D3A51F6D9}.Debug|Any CPU.Build.0 = Debug|Any CPU
		{FF9D356E-BD58-499D-BE44-714D3A51F6D9}.Release|Any CPU.ActiveCfg = Release|Any CPU
		{FF9D356E-BD58-499D-BE44-714D3A51F6D9}.Release|Any CPU.Build.0 = Release|Any CPU
		{555F1341-9E06-4ABE-9649-B30525F219B9}.Debug|Any CPU.ActiveCfg = Debug|Any CPU
		{555F1341-9E06-4ABE-9649-B30525F219B9}.Debug|Any CPU.Build.0 = Debug|Any CPU
		{555F1341-9E06-4ABE-9649-B30525F219B9}.Release|Any CPU.ActiveCfg = Release|Any CPU
		{555F1341-9E06-4ABE-9649-B30525F219B9}.Release|Any CPU.Build.0 = Release|Any CPU
	EndGlobalSection
	GlobalSection(SolutionProperties) = preSolution
		HideSolutionNode = FALSE
	EndGlobalSection
	GlobalSection(ExtensibilityGlobals) = postSolution
		SolutionGuid = {3AFE64AD-897E-419B-9528-D6A0B90CB666}
	EndGlobalSection
EndGlobal
