
Microsoft Visual Studio Solution File, Format Version 12.00
# Visual Studio 15
VisualStudioVersion = 15.0.27428.1
MinimumVisualStudioVersion = 10.0.40219.1
Project("{FAE04EC0-301F-11D3-BF4B-00C04F79EFBC}") = "Task_2", "Task_2\Task_2.csproj", "{C9D2D8E4-DE75-40DE-B4C7-B9CED5331EE2}"
EndProject
Global
	GlobalSection(SolutionConfigurationPlatforms) = preSolution
		Debug|Any CPU = Debug|Any CPU
		Release|Any CPU = Release|Any CPU
	EndGlobalSection
	GlobalSection(ProjectConfigurationPlatforms) = postSolution
		{C9D2D8E4-DE75-40DE-B4C7-B9CED5331EE2}.Debug|Any CPU.ActiveCfg = Debug|Any CPU
		{C9D2D8E4-DE75-40DE-B4C7-B9CED5331EE2}.Debug|Any CPU.Build.0 = Debug|Any CPU
		{C9D2D8E4-DE75-40DE-B4C7-B9CED5331EE2}.Release|Any CPU.ActiveCfg = Release|Any CPU
		{C9D2D8E4-DE75-40DE-B4C7-B9CED5331EE2}.Release|Any CPU.Build.0 = Release|Any CPU
	EndGlobalSection
	GlobalSection(SolutionProperties) = preSolution
		HideSolutionNode = FALSE
	EndGlobalSection
	GlobalSection(ExtensibilityGlobals) = postSolution
		SolutionGuid = {08F91A62-E74F-4C8B-B1C7-7421C4EAB8B6}
	EndGlobalSection
EndGlobal
