
Microsoft Visual Studio Solution File, Format Version 12.00
# Visual Studio 15
VisualStudioVersion = 15.0.27130.2036
MinimumVisualStudioVersion = 10.0.40219.1
Project("{FAE04EC0-301F-11D3-BF4B-00C04F79EFBC}") = "Task4", "Task4\Task4.csproj", "{AB625A48-F4B3-448C-9C54-1F90E82DAB3D}"
EndProject
Global
	GlobalSection(SolutionConfigurationPlatforms) = preSolution
		Debug|Any CPU = Debug|Any CPU
		Release|Any CPU = Release|Any CPU
	EndGlobalSection
	GlobalSection(ProjectConfigurationPlatforms) = postSolution
		{AB625A48-F4B3-448C-9C54-1F90E82DAB3D}.Debug|Any CPU.ActiveCfg = Debug|Any CPU
		{AB625A48-F4B3-448C-9C54-1F90E82DAB3D}.Debug|Any CPU.Build.0 = Debug|Any CPU
		{AB625A48-F4B3-448C-9C54-1F90E82DAB3D}.Release|Any CPU.ActiveCfg = Release|Any CPU
		{AB625A48-F4B3-448C-9C54-1F90E82DAB3D}.Release|Any CPU.Build.0 = Release|Any CPU
	EndGlobalSection
	GlobalSection(SolutionProperties) = preSolution
		HideSolutionNode = FALSE
	EndGlobalSection
	GlobalSection(ExtensibilityGlobals) = postSolution
		SolutionGuid = {ACCA56E7-7463-438B-A858-DFF64861DEA0}
	EndGlobalSection
EndGlobal
