
Microsoft Visual Studio Solution File, Format Version 12.00
# Visual Studio 15
VisualStudioVersion = 15.0.27130.2036
MinimumVisualStudioVersion = 10.0.40219.1
Project("{FAE04EC0-301F-11D3-BF4B-00C04F79EFBC}") = "Task_1", "Task_1\Task_1.csproj", "{9B4C75FB-8D5E-4DDA-A242-1515467DA154}"
EndProject
Project("{FAE04EC0-301F-11D3-BF4B-00C04F79EFBC}") = "Task_2", "Task_2\Task_2.csproj", "{8733394D-9515-4024-8369-2A986354BB96}"
EndProject
Project("{FAE04EC0-301F-11D3-BF4B-00C04F79EFBC}") = "Task_3", "Task_3\Task_3.csproj", "{8BB560CD-5201-46F2-A307-9ADDD312BFB1}"
EndProject
Global
	GlobalSection(SolutionConfigurationPlatforms) = preSolution
		Debug|Any CPU = Debug|Any CPU
		Release|Any CPU = Release|Any CPU
	EndGlobalSection
	GlobalSection(ProjectConfigurationPlatforms) = postSolution
		{9B4C75FB-8D5E-4DDA-A242-1515467DA154}.Debug|Any CPU.ActiveCfg = Debug|Any CPU
		{9B4C75FB-8D5E-4DDA-A242-1515467DA154}.Debug|Any CPU.Build.0 = Debug|Any CPU
		{9B4C75FB-8D5E-4DDA-A242-1515467DA154}.Release|Any CPU.ActiveCfg = Release|Any CPU
		{9B4C75FB-8D5E-4DDA-A242-1515467DA154}.Release|Any CPU.Build.0 = Release|Any CPU
		{8733394D-9515-4024-8369-2A986354BB96}.Debug|Any CPU.ActiveCfg = Debug|Any CPU
		{8733394D-9515-4024-8369-2A986354BB96}.Debug|Any CPU.Build.0 = Debug|Any CPU
		{8733394D-9515-4024-8369-2A986354BB96}.Release|Any CPU.ActiveCfg = Release|Any CPU
		{8733394D-9515-4024-8369-2A986354BB96}.Release|Any CPU.Build.0 = Release|Any CPU
		{8BB560CD-5201-46F2-A307-9ADDD312BFB1}.Debug|Any CPU.ActiveCfg = Debug|Any CPU
		{8BB560CD-5201-46F2-A307-9ADDD312BFB1}.Debug|Any CPU.Build.0 = Debug|Any CPU
		{8BB560CD-5201-46F2-A307-9ADDD312BFB1}.Release|Any CPU.ActiveCfg = Release|Any CPU
		{8BB560CD-5201-46F2-A307-9ADDD312BFB1}.Release|Any CPU.Build.0 = Release|Any CPU
	EndGlobalSection
	GlobalSection(SolutionProperties) = preSolution
		HideSolutionNode = FALSE
	EndGlobalSection
	GlobalSection(ExtensibilityGlobals) = postSolution
		SolutionGuid = {8B9AC284-F0DB-42A2-964B-FEF1EE0DDFE1}
	EndGlobalSection
EndGlobal
