
Microsoft Visual Studio Solution File, Format Version 12.00
# Visual Studio 15
VisualStudioVersion = 15.0.27130.2036
MinimumVisualStudioVersion = 10.0.40219.1
Project("{FAE04EC0-301F-11D3-BF4B-00C04F79EFBC}") = "EventsFiddle1", "EventsFiddle1\EventsFiddle1.csproj", "{F95C9F82-FA80-494D-8A4F-C663AE579CD4}"
EndProject
Global
	GlobalSection(SolutionConfigurationPlatforms) = preSolution
		Debug|Any CPU = Debug|Any CPU
		Release|Any CPU = Release|Any CPU
	EndGlobalSection
	GlobalSection(ProjectConfigurationPlatforms) = postSolution
		{F95C9F82-FA80-494D-8A4F-C663AE579CD4}.Debug|Any CPU.ActiveCfg = Debug|Any CPU
		{F95C9F82-FA80-494D-8A4F-C663AE579CD4}.Debug|Any CPU.Build.0 = Debug|Any CPU
		{F95C9F82-FA80-494D-8A4F-C663AE579CD4}.Release|Any CPU.ActiveCfg = Release|Any CPU
		{F95C9F82-FA80-494D-8A4F-C663AE579CD4}.Release|Any CPU.Build.0 = Release|Any CPU
	EndGlobalSection
	GlobalSection(SolutionProperties) = preSolution
		HideSolutionNode = FALSE
	EndGlobalSection
	GlobalSection(ExtensibilityGlobals) = postSolution
		SolutionGuid = {C99004E0-6A18-4DCB-87B7-D848FC1948A4}
	EndGlobalSection
EndGlobal
