
Microsoft Visual Studio Solution File, Format Version 12.00
# Visual Studio 15
VisualStudioVersion = 15.0.27130.2036
MinimumVisualStudioVersion = 10.0.40219.1
Project("{FAE04EC0-301F-11D3-BF4B-00C04F79EFBC}") = "Task2", "Task2\Task2.csproj", "{B2822F00-A5CC-4A24-A1A3-0A41B36E2D70}"
EndProject
Global
	GlobalSection(SolutionConfigurationPlatforms) = preSolution
		Debug|Any CPU = Debug|Any CPU
		Release|Any CPU = Release|Any CPU
	EndGlobalSection
	GlobalSection(ProjectConfigurationPlatforms) = postSolution
		{B2822F00-A5CC-4A24-A1A3-0A41B36E2D70}.Debug|Any CPU.ActiveCfg = Debug|Any CPU
		{B2822F00-A5CC-4A24-A1A3-0A41B36E2D70}.Debug|Any CPU.Build.0 = Debug|Any CPU
		{B2822F00-A5CC-4A24-A1A3-0A41B36E2D70}.Release|Any CPU.ActiveCfg = Release|Any CPU
		{B2822F00-A5CC-4A24-A1A3-0A41B36E2D70}.Release|Any CPU.Build.0 = Release|Any CPU
	EndGlobalSection
	GlobalSection(SolutionProperties) = preSolution
		HideSolutionNode = FALSE
	EndGlobalSection
	GlobalSection(ExtensibilityGlobals) = postSolution
		SolutionGuid = {B0E2D217-A187-43E7-B213-716728E52349}
	EndGlobalSection
EndGlobal
