
Microsoft Visual Studio Solution File, Format Version 12.00
# Visual Studio 15
VisualStudioVersion = 15.0.27130.2036
MinimumVisualStudioVersion = 10.0.40219.1
Project("{FAE04EC0-301F-11D3-BF4B-00C04F79EFBC}") = "isEvenInterface", "isEvenInterface\isEvenInterface.csproj", "{03B2F67A-BA8F-4583-9688-E0B0DA79E467}"
EndProject
Global
	GlobalSection(SolutionConfigurationPlatforms) = preSolution
		Debug|Any CPU = Debug|Any CPU
		Release|Any CPU = Release|Any CPU
	EndGlobalSection
	GlobalSection(ProjectConfigurationPlatforms) = postSolution
		{03B2F67A-BA8F-4583-9688-E0B0DA79E467}.Debug|Any CPU.ActiveCfg = Debug|Any CPU
		{03B2F67A-BA8F-4583-9688-E0B0DA79E467}.Debug|Any CPU.Build.0 = Debug|Any CPU
		{03B2F67A-BA8F-4583-9688-E0B0DA79E467}.Release|Any CPU.ActiveCfg = Release|Any CPU
		{03B2F67A-BA8F-4583-9688-E0B0DA79E467}.Release|Any CPU.Build.0 = Release|Any CPU
	EndGlobalSection
	GlobalSection(SolutionProperties) = preSolution
		HideSolutionNode = FALSE
	EndGlobalSection
	GlobalSection(ExtensibilityGlobals) = postSolution
		SolutionGuid = {0FB7F255-42A9-44D8-BC1C-0FBA326F2A9A}
	EndGlobalSection
EndGlobal
