
Microsoft Visual Studio Solution File, Format Version 12.00
# Visual Studio 15
VisualStudioVersion = 15.0.27428.1
MinimumVisualStudioVersion = 10.0.40219.1
Project("{FAE04EC0-301F-11D3-BF4B-00C04F79EFBC}") = "Task_4", "Task_4\Task_4.csproj", "{3647A394-DDDB-403D-9C79-3DD3F664704B}"
EndProject
Global
	GlobalSection(SolutionConfigurationPlatforms) = preSolution
		Debug|Any CPU = Debug|Any CPU
		Release|Any CPU = Release|Any CPU
	EndGlobalSection
	GlobalSection(ProjectConfigurationPlatforms) = postSolution
		{3647A394-DDDB-403D-9C79-3DD3F664704B}.Debug|Any CPU.ActiveCfg = Debug|Any CPU
		{3647A394-DDDB-403D-9C79-3DD3F664704B}.Debug|Any CPU.Build.0 = Debug|Any CPU
		{3647A394-DDDB-403D-9C79-3DD3F664704B}.Release|Any CPU.ActiveCfg = Release|Any CPU
		{3647A394-DDDB-403D-9C79-3DD3F664704B}.Release|Any CPU.Build.0 = Release|Any CPU
	EndGlobalSection
	GlobalSection(SolutionProperties) = preSolution
		HideSolutionNode = FALSE
	EndGlobalSection
	GlobalSection(ExtensibilityGlobals) = postSolution
		SolutionGuid = {FB101E77-27C3-4B23-AE4E-C29125325235}
	EndGlobalSection
EndGlobal
