
Microsoft Visual Studio Solution File, Format Version 12.00
# Visual Studio 15
VisualStudioVersion = 15.0.27428.1
MinimumVisualStudioVersion = 10.0.40219.1
Project("{FAE04EC0-301F-11D3-BF4B-00C04F79EFBC}") = "GuessNumber", "GuessNumber\GuessNumber.csproj", "{D6897161-0BCF-4867-818C-9EAD879DF60D}"
EndProject
Global
	GlobalSection(SolutionConfigurationPlatforms) = preSolution
		Debug|Any CPU = Debug|Any CPU
		Release|Any CPU = Release|Any CPU
	EndGlobalSection
	GlobalSection(ProjectConfigurationPlatforms) = postSolution
		{D6897161-0BCF-4867-818C-9EAD879DF60D}.Debug|Any CPU.ActiveCfg = Debug|Any CPU
		{D6897161-0BCF-4867-818C-9EAD879DF60D}.Debug|Any CPU.Build.0 = Debug|Any CPU
		{D6897161-0BCF-4867-818C-9EAD879DF60D}.Release|Any CPU.ActiveCfg = Release|Any CPU
		{D6897161-0BCF-4867-818C-9EAD879DF60D}.Release|Any CPU.Build.0 = Release|Any CPU
	EndGlobalSection
	GlobalSection(SolutionProperties) = preSolution
		HideSolutionNode = FALSE
	EndGlobalSection
	GlobalSection(ExtensibilityGlobals) = postSolution
		SolutionGuid = {F006DC8D-81C6-4E28-941E-8E768956CD3F}
	EndGlobalSection
EndGlobal
