
Microsoft Visual Studio Solution File, Format Version 12.00
# Visual Studio 15
VisualStudioVersion = 15.0.27428.1
MinimumVisualStudioVersion = 10.0.40219.1
Project("{FAE04EC0-301F-11D3-BF4B-00C04F79EFBC}") = "Date2", "Date2\Date2.csproj", "{4CC738A2-6461-4F19-A6EE-D0B329ABB1F9}"
EndProject
Global
	GlobalSection(SolutionConfigurationPlatforms) = preSolution
		Debug|Any CPU = Debug|Any CPU
		Release|Any CPU = Release|Any CPU
	EndGlobalSection
	GlobalSection(ProjectConfigurationPlatforms) = postSolution
		{4CC738A2-6461-4F19-A6EE-D0B329ABB1F9}.Debug|Any CPU.ActiveCfg = Debug|Any CPU
		{4CC738A2-6461-4F19-A6EE-D0B329ABB1F9}.Debug|Any CPU.Build.0 = Debug|Any CPU
		{4CC738A2-6461-4F19-A6EE-D0B329ABB1F9}.Release|Any CPU.ActiveCfg = Release|Any CPU
		{4CC738A2-6461-4F19-A6EE-D0B329ABB1F9}.Release|Any CPU.Build.0 = Release|Any CPU
	EndGlobalSection
	GlobalSection(SolutionProperties) = preSolution
		HideSolutionNode = FALSE
	EndGlobalSection
	GlobalSection(ExtensibilityGlobals) = postSolution
		SolutionGuid = {5AFA52B7-05A2-469D-B538-D770AA545BC3}
	EndGlobalSection
EndGlobal
