
Microsoft Visual Studio Solution File, Format Version 12.00
# Visual Studio Version 16
VisualStudioVersion = 16.0.28803.156
MinimumVisualStudioVersion = 10.0.40219.1
Project("{FAE04EC0-301F-11D3-BF4B-00C04F79EFBC}") = "TodoApi", "TodoApi\TodoApi.csproj", "{58F29E70-AA71-4A1B-ABA9-83912E8A4685}"
EndProject
Global
	GlobalSection(SolutionConfigurationPlatforms) = preSolution
		Debug|Any CPU = Debug|Any CPU
		Release|Any CPU = Release|Any CPU
	EndGlobalSection
	GlobalSection(ProjectConfigurationPlatforms) = postSolution
		{58F29E70-AA71-4A1B-ABA9-83912E8A4685}.Debug|Any CPU.ActiveCfg = Debug|Any CPU
		{58F29E70-AA71-4A1B-ABA9-83912E8A4685}.Debug|Any CPU.Build.0 = Debug|Any CPU
		{58F29E70-AA71-4A1B-ABA9-83912E8A4685}.Release|Any CPU.ActiveCfg = Release|Any CPU
		{58F29E70-AA71-4A1B-ABA9-83912E8A4685}.Release|Any CPU.Build.0 = Release|Any CPU
	EndGlobalSection
	GlobalSection(SolutionProperties) = preSolution
		HideSolutionNode = FALSE
	EndGlobalSection
	GlobalSection(ExtensibilityGlobals) = postSolution
		SolutionGuid = {3D8C79F5-7BA7-4301-9650-085CBFB37B45}
	EndGlobalSection
EndGlobal
