
Microsoft Visual Studio Solution File, Format Version 12.00
# Visual Studio 15
VisualStudioVersion = 15.0.27130.2036
MinimumVisualStudioVersion = 10.0.40219.1
Project("{FAE04EC0-301F-11D3-BF4B-00C04F79EFBC}") = "ConsoleApp1", "ConsoleApp1\ConsoleApp1.csproj", "{6E366C1E-F006-421C-B1E0-20C0FE2D0693}"
EndProject
Global
	GlobalSection(SolutionConfigurationPlatforms) = preSolution
		Debug|Any CPU = Debug|Any CPU
		Release|Any CPU = Release|Any CPU
	EndGlobalSection
	GlobalSection(ProjectConfigurationPlatforms) = postSolution
		{6E366C1E-F006-421C-B1E0-20C0FE2D0693}.Debug|Any CPU.ActiveCfg = Debug|Any CPU
		{6E366C1E-F006-421C-B1E0-20C0FE2D0693}.Debug|Any CPU.Build.0 = Debug|Any CPU
		{6E366C1E-F006-421C-B1E0-20C0FE2D0693}.Release|Any CPU.ActiveCfg = Release|Any CPU
		{6E366C1E-F006-421C-B1E0-20C0FE2D0693}.Release|Any CPU.Build.0 = Release|Any CPU
	EndGlobalSection
	GlobalSection(SolutionProperties) = preSolution
		HideSolutionNode = FALSE
	EndGlobalSection
	GlobalSection(ExtensibilityGlobals) = postSolution
		SolutionGuid = {D768AEB3-3C92-4919-BCCC-EC4D2B4F4C02}
	EndGlobalSection
EndGlobal
