
Microsoft Visual Studio Solution File, Format Version 12.00
# Visual Studio 15
VisualStudioVersion = 15.0.27428.1
MinimumVisualStudioVersion = 10.0.40219.1
Project("{FAE04EC0-301F-11D3-BF4B-00C04F79EFBC}") = "11_Fractions", "11_Fractions\11_Fractions.csproj", "{8830461F-98ED-4669-BE36-0146D0428D76}"
EndProject
Global
	GlobalSection(SolutionConfigurationPlatforms) = preSolution
		Debug|Any CPU = Debug|Any CPU
		Release|Any CPU = Release|Any CPU
	EndGlobalSection
	GlobalSection(ProjectConfigurationPlatforms) = postSolution
		{8830461F-98ED-4669-BE36-0146D0428D76}.Debug|Any CPU.ActiveCfg = Debug|Any CPU
		{8830461F-98ED-4669-BE36-0146D0428D76}.Debug|Any CPU.Build.0 = Debug|Any CPU
		{8830461F-98ED-4669-BE36-0146D0428D76}.Release|Any CPU.ActiveCfg = Release|Any CPU
		{8830461F-98ED-4669-BE36-0146D0428D76}.Release|Any CPU.Build.0 = Release|Any CPU
	EndGlobalSection
	GlobalSection(SolutionProperties) = preSolution
		HideSolutionNode = FALSE
	EndGlobalSection
	GlobalSection(ExtensibilityGlobals) = postSolution
		SolutionGuid = {27B0C5C7-DB09-472D-8103-9EEB208E8C82}
	EndGlobalSection
EndGlobal
