
Microsoft Visual Studio Solution File, Format Version 12.00
# Visual Studio Version 16
VisualStudioVersion = 16.0.29728.190
MinimumVisualStudioVersion = 10.0.40219.1
Project("{9A19103F-16F7-4668-BE54-9A1E7A4F7556}") = "HashTable", "ProffesionalLessonsSandBox\HashTable.csproj", "{25030AE5-D47C-4278-8406-204BB5730CC3}"
EndProject
Project("{FAE04EC0-301F-11D3-BF4B-00C04F79EFBC}") = "SortedList", "SortedList\SortedList.csproj", "{83B43F4E-97EA-4B0D-98C3-474714DCC26C}"
EndProject
Project("{FAE04EC0-301F-11D3-BF4B-00C04F79EFBC}") = "OrderedDictionary", "OrderedDictionary\OrderedDictionary.csproj", "{A6060392-5102-436B-9177-125E4D9682EA}"
EndProject
Global
	GlobalSection(SolutionConfigurationPlatforms) = preSolution
		Debug|Any CPU = Debug|Any CPU
		Release|Any CPU = Release|Any CPU
	EndGlobalSection
	GlobalSection(ProjectConfigurationPlatforms) = postSolution
		{25030AE5-D47C-4278-8406-204BB5730CC3}.Debug|Any CPU.ActiveCfg = Debug|Any CPU
		{25030AE5-D47C-4278-8406-204BB5730CC3}.Debug|Any CPU.Build.0 = Debug|Any CPU
		{25030AE5-D47C-4278-8406-204BB5730CC3}.Release|Any CPU.ActiveCfg = Release|Any CPU
		{25030AE5-D47C-4278-8406-204BB5730CC3}.Release|Any CPU.Build.0 = Release|Any CPU
		{83B43F4E-97EA-4B0D-98C3-474714DCC26C}.Debug|Any CPU.ActiveCfg = Debug|Any CPU
		{83B43F4E-97EA-4B0D-98C3-474714DCC26C}.Debug|Any CPU.Build.0 = Debug|Any CPU
		{83B43F4E-97EA-4B0D-98C3-474714DCC26C}.Release|Any CPU.ActiveCfg = Release|Any CPU
		{83B43F4E-97EA-4B0D-98C3-474714DCC26C}.Release|Any CPU.Build.0 = Release|Any CPU
		{A6060392-5102-436B-9177-125E4D9682EA}.Debug|Any CPU.ActiveCfg = Debug|Any CPU
		{A6060392-5102-436B-9177-125E4D9682EA}.Debug|Any CPU.Build.0 = Debug|Any CPU
		{A6060392-5102-436B-9177-125E4D9682EA}.Release|Any CPU.ActiveCfg = Release|Any CPU
		{A6060392-5102-436B-9177-125E4D9682EA}.Release|Any CPU.Build.0 = Release|Any CPU
	EndGlobalSection
	GlobalSection(SolutionProperties) = preSolution
		HideSolutionNode = FALSE
	EndGlobalSection
	GlobalSection(ExtensibilityGlobals) = postSolution
		SolutionGuid = {6A8C71AA-2CF4-4BF9-B5A2-45271E277851}
	EndGlobalSection
EndGlobal
