
Microsoft Visual Studio Solution File, Format Version 12.00
# Visual Studio 15
VisualStudioVersion = 15.0.27428.1
MinimumVisualStudioVersion = 10.0.40219.1
Project("{FAE04EC0-301F-11D3-BF4B-00C04F79EFBC}") = "TwoDShape", "TwoDShape\TwoDShape.csproj", "{C5A478B6-FBDD-4521-892C-A3E790F51F91}"
EndProject
Global
	GlobalSection(SolutionConfigurationPlatforms) = preSolution
		Debug|Any CPU = Debug|Any CPU
		Release|Any CPU = Release|Any CPU
	EndGlobalSection
	GlobalSection(ProjectConfigurationPlatforms) = postSolution
		{C5A478B6-FBDD-4521-892C-A3E790F51F91}.Debug|Any CPU.ActiveCfg = Debug|Any CPU
		{C5A478B6-FBDD-4521-892C-A3E790F51F91}.Debug|Any CPU.Build.0 = Debug|Any CPU
		{C5A478B6-FBDD-4521-892C-A3E790F51F91}.Release|Any CPU.ActiveCfg = Release|Any CPU
		{C5A478B6-FBDD-4521-892C-A3E790F51F91}.Release|Any CPU.Build.0 = Release|Any CPU
	EndGlobalSection
	GlobalSection(SolutionProperties) = preSolution
		HideSolutionNode = FALSE
	EndGlobalSection
	GlobalSection(ExtensibilityGlobals) = postSolution
		SolutionGuid = {4ABA7674-FE52-4584-90E2-CB4CFDDB3CE7}
	EndGlobalSection
EndGlobal
