
Microsoft Visual Studio Solution File, Format Version 12.00
# Visual Studio 15
VisualStudioVersion = 15.0.27428.1
MinimumVisualStudioVersion = 10.0.40219.1
Project("{FAE04EC0-301F-11D3-BF4B-00C04F79EFBC}") = "1_CountCallories", "1_CountCallories\1_CountCallories.csproj", "{FB3B6248-0A3F-4A62-AF58-18907D46B40A}"
EndProject
Global
	GlobalSection(SolutionConfigurationPlatforms) = preSolution
		Debug|Any CPU = Debug|Any CPU
		Release|Any CPU = Release|Any CPU
	EndGlobalSection
	GlobalSection(ProjectConfigurationPlatforms) = postSolution
		{FB3B6248-0A3F-4A62-AF58-18907D46B40A}.Debug|Any CPU.ActiveCfg = Debug|Any CPU
		{FB3B6248-0A3F-4A62-AF58-18907D46B40A}.Debug|Any CPU.Build.0 = Debug|Any CPU
		{FB3B6248-0A3F-4A62-AF58-18907D46B40A}.Release|Any CPU.ActiveCfg = Release|Any CPU
		{FB3B6248-0A3F-4A62-AF58-18907D46B40A}.Release|Any CPU.Build.0 = Release|Any CPU
	EndGlobalSection
	GlobalSection(SolutionProperties) = preSolution
		HideSolutionNode = FALSE
	EndGlobalSection
	GlobalSection(ExtensibilityGlobals) = postSolution
		SolutionGuid = {BAA6488C-5EDF-435F-865A-03B498B90F11}
	EndGlobalSection
EndGlobal
