
Microsoft Visual Studio Solution File, Format Version 12.00
# Visual Studio 15
VisualStudioVersion = 15.0.27428.1
MinimumVisualStudioVersion = 10.0.40219.1
Project("{FAE04EC0-301F-11D3-BF4B-00C04F79EFBC}") = "WebApplication1", "WebApplication1\WebApplication1.csproj", "{9878FA4F-2CCA-4E48-9CBB-F8808B7F1014}"
EndProject
Global
	GlobalSection(SolutionConfigurationPlatforms) = preSolution
		Debug|Any CPU = Debug|Any CPU
		Release|Any CPU = Release|Any CPU
	EndGlobalSection
	GlobalSection(ProjectConfigurationPlatforms) = postSolution
		{9878FA4F-2CCA-4E48-9CBB-F8808B7F1014}.Debug|Any CPU.ActiveCfg = Debug|Any CPU
		{9878FA4F-2CCA-4E48-9CBB-F8808B7F1014}.Debug|Any CPU.Build.0 = Debug|Any CPU
		{9878FA4F-2CCA-4E48-9CBB-F8808B7F1014}.Release|Any CPU.ActiveCfg = Release|Any CPU
		{9878FA4F-2CCA-4E48-9CBB-F8808B7F1014}.Release|Any CPU.Build.0 = Release|Any CPU
	EndGlobalSection
	GlobalSection(SolutionProperties) = preSolution
		HideSolutionNode = FALSE
	EndGlobalSection
	GlobalSection(ExtensibilityGlobals) = postSolution
		SolutionGuid = {29EB42B2-A3DD-45DB-A570-7B81A29630D0}
	EndGlobalSection
EndGlobal
