
Microsoft Visual Studio Solution File, Format Version 12.00
# Visual Studio 15
VisualStudioVersion = 15.0.27130.2036
MinimumVisualStudioVersion = 10.0.40219.1
Project("{FAE04EC0-301F-11D3-BF4B-00C04F79EFBC}") = "Task_3", "Task_3\Task_3.csproj", "{83185180-9BF7-4C31-853F-2BFAB79ABCA2}"
EndProject
Global
	GlobalSection(SolutionConfigurationPlatforms) = preSolution
		Debug|Any CPU = Debug|Any CPU
		Release|Any CPU = Release|Any CPU
	EndGlobalSection
	GlobalSection(ProjectConfigurationPlatforms) = postSolution
		{83185180-9BF7-4C31-853F-2BFAB79ABCA2}.Debug|Any CPU.ActiveCfg = Debug|Any CPU
		{83185180-9BF7-4C31-853F-2BFAB79ABCA2}.Debug|Any CPU.Build.0 = Debug|Any CPU
		{83185180-9BF7-4C31-853F-2BFAB79ABCA2}.Release|Any CPU.ActiveCfg = Release|Any CPU
		{83185180-9BF7-4C31-853F-2BFAB79ABCA2}.Release|Any CPU.Build.0 = Release|Any CPU
	EndGlobalSection
	GlobalSection(SolutionProperties) = preSolution
		HideSolutionNode = FALSE
	EndGlobalSection
	GlobalSection(ExtensibilityGlobals) = postSolution
		SolutionGuid = {7DAE92C5-923E-4392-8A9A-A2A3EADEAE5E}
	EndGlobalSection
EndGlobal
