
Microsoft Visual Studio Solution File, Format Version 12.00
# Visual Studio 15
VisualStudioVersion = 15.0.27428.1
MinimumVisualStudioVersion = 10.0.40219.1
Project("{FAE04EC0-301F-11D3-BF4B-00C04F79EFBC}") = "EventsFiddle4", "EventsFiddle4\EventsFiddle4.csproj", "{F330B6E0-E8FC-471D-8EA9-AE11B53DA973}"
EndProject
Global
	GlobalSection(SolutionConfigurationPlatforms) = preSolution
		Debug|Any CPU = Debug|Any CPU
		Release|Any CPU = Release|Any CPU
	EndGlobalSection
	GlobalSection(ProjectConfigurationPlatforms) = postSolution
		{F330B6E0-E8FC-471D-8EA9-AE11B53DA973}.Debug|Any CPU.ActiveCfg = Debug|Any CPU
		{F330B6E0-E8FC-471D-8EA9-AE11B53DA973}.Debug|Any CPU.Build.0 = Debug|Any CPU
		{F330B6E0-E8FC-471D-8EA9-AE11B53DA973}.Release|Any CPU.ActiveCfg = Release|Any CPU
		{F330B6E0-E8FC-471D-8EA9-AE11B53DA973}.Release|Any CPU.Build.0 = Release|Any CPU
	EndGlobalSection
	GlobalSection(SolutionProperties) = preSolution
		HideSolutionNode = FALSE
	EndGlobalSection
	GlobalSection(ExtensibilityGlobals) = postSolution
		SolutionGuid = {8535D953-7B40-4DE5-ABC5-40FCA12B1A9F}
	EndGlobalSection
EndGlobal
