
Microsoft Visual Studio Solution File, Format Version 12.00
# Visual Studio 15
VisualStudioVersion = 15.0.27428.1
MinimumVisualStudioVersion = 10.0.40219.1
Project("{FAE04EC0-301F-11D3-BF4B-00C04F79EFBC}") = "2_Computer", "2_Computer\2_Computer.csproj", "{7AF3941F-01BD-4371-9A35-C48EF60EE9EA}"
EndProject
Global
	GlobalSection(SolutionConfigurationPlatforms) = preSolution
		Debug|Any CPU = Debug|Any CPU
		Release|Any CPU = Release|Any CPU
	EndGlobalSection
	GlobalSection(ProjectConfigurationPlatforms) = postSolution
		{7AF3941F-01BD-4371-9A35-C48EF60EE9EA}.Debug|Any CPU.ActiveCfg = Debug|Any CPU
		{7AF3941F-01BD-4371-9A35-C48EF60EE9EA}.Debug|Any CPU.Build.0 = Debug|Any CPU
		{7AF3941F-01BD-4371-9A35-C48EF60EE9EA}.Release|Any CPU.ActiveCfg = Release|Any CPU
		{7AF3941F-01BD-4371-9A35-C48EF60EE9EA}.Release|Any CPU.Build.0 = Release|Any CPU
	EndGlobalSection
	GlobalSection(SolutionProperties) = preSolution
		HideSolutionNode = FALSE
	EndGlobalSection
	GlobalSection(ExtensibilityGlobals) = postSolution
		SolutionGuid = {C93B3C96-8090-4E9A-8072-EBD0DBADDBC7}
	EndGlobalSection
EndGlobal
