
Microsoft Visual Studio Solution File, Format Version 12.00
# Visual Studio 15
VisualStudioVersion = 15.0.27428.1
MinimumVisualStudioVersion = 10.0.40219.1
Project("{FAE04EC0-301F-11D3-BF4B-00C04F79EFBC}") = "7_PointCoordinat", "7_PointCoordinat\7_PointCoordinat.csproj", "{42EBD783-04D7-48C8-B526-5EAA30726AD3}"
EndProject
Global
	GlobalSection(SolutionConfigurationPlatforms) = preSolution
		Debug|Any CPU = Debug|Any CPU
		Release|Any CPU = Release|Any CPU
	EndGlobalSection
	GlobalSection(ProjectConfigurationPlatforms) = postSolution
		{42EBD783-04D7-48C8-B526-5EAA30726AD3}.Debug|Any CPU.ActiveCfg = Debug|Any CPU
		{42EBD783-04D7-48C8-B526-5EAA30726AD3}.Debug|Any CPU.Build.0 = Debug|Any CPU
		{42EBD783-04D7-48C8-B526-5EAA30726AD3}.Release|Any CPU.ActiveCfg = Release|Any CPU
		{42EBD783-04D7-48C8-B526-5EAA30726AD3}.Release|Any CPU.Build.0 = Release|Any CPU
	EndGlobalSection
	GlobalSection(SolutionProperties) = preSolution
		HideSolutionNode = FALSE
	EndGlobalSection
	GlobalSection(ExtensibilityGlobals) = postSolution
		SolutionGuid = {180B3DFD-D524-4A1E-82A3-C6F684FB390A}
	EndGlobalSection
EndGlobal
