
Microsoft Visual Studio Solution File, Format Version 12.00
# Visual Studio Version 16
VisualStudioVersion = 16.0.29403.142
MinimumVisualStudioVersion = 10.0.40219.1
Project("{FAE04EC0-301F-11D3-BF4B-00C04F79EFBC}") = "RestSharpWeather", "RestSharpWeather\RestSharpWeather.csproj", "{76558F00-A0D8-48F3-BCA8-9141578A0055}"
EndProject
Global
	GlobalSection(SolutionConfigurationPlatforms) = preSolution
		Debug|Any CPU = Debug|Any CPU
		Release|Any CPU = Release|Any CPU
	EndGlobalSection
	GlobalSection(ProjectConfigurationPlatforms) = postSolution
		{76558F00-A0D8-48F3-BCA8-9141578A0055}.Debug|Any CPU.ActiveCfg = Debug|Any CPU
		{76558F00-A0D8-48F3-BCA8-9141578A0055}.Debug|Any CPU.Build.0 = Debug|Any CPU
		{76558F00-A0D8-48F3-BCA8-9141578A0055}.Release|Any CPU.ActiveCfg = Release|Any CPU
		{76558F00-A0D8-48F3-BCA8-9141578A0055}.Release|Any CPU.Build.0 = Release|Any CPU
	EndGlobalSection
	GlobalSection(SolutionProperties) = preSolution
		HideSolutionNode = FALSE
	EndGlobalSection
	GlobalSection(ExtensibilityGlobals) = postSolution
		SolutionGuid = {E8690618-1866-4A2B-BF71-5004DAD7CE56}
	EndGlobalSection
EndGlobal
