
Microsoft Visual Studio Solution File, Format Version 12.00
# Visual Studio 15
VisualStudioVersion = 15.0.27428.1
MinimumVisualStudioVersion = 10.0.40219.1
Project("{FAE04EC0-301F-11D3-BF4B-00C04F79EFBC}") = "Task_4_Document", "Task_4_Document\Task_4_Document.csproj", "{0E4E5E4B-D68A-464A-8702-A6ECCE0D91FA}"
EndProject
Global
	GlobalSection(SolutionConfigurationPlatforms) = preSolution
		Debug|Any CPU = Debug|Any CPU
		Release|Any CPU = Release|Any CPU
	EndGlobalSection
	GlobalSection(ProjectConfigurationPlatforms) = postSolution
		{0E4E5E4B-D68A-464A-8702-A6ECCE0D91FA}.Debug|Any CPU.ActiveCfg = Debug|Any CPU
		{0E4E5E4B-D68A-464A-8702-A6ECCE0D91FA}.Debug|Any CPU.Build.0 = Debug|Any CPU
		{0E4E5E4B-D68A-464A-8702-A6ECCE0D91FA}.Release|Any CPU.ActiveCfg = Release|Any CPU
		{0E4E5E4B-D68A-464A-8702-A6ECCE0D91FA}.Release|Any CPU.Build.0 = Release|Any CPU
	EndGlobalSection
	GlobalSection(SolutionProperties) = preSolution
		HideSolutionNode = FALSE
	EndGlobalSection
	GlobalSection(ExtensibilityGlobals) = postSolution
		SolutionGuid = {18C14EEE-D3D9-4351-9650-990308C6296C}
	EndGlobalSection
EndGlobal
