
Microsoft Visual Studio Solution File, Format Version 12.00
# Visual Studio 15
VisualStudioVersion = 15.0.28307.539
MinimumVisualStudioVersion = 10.0.40219.1
Project("{FAE04EC0-301F-11D3-BF4B-00C04F79EFBC}") = "SeleniumTutorialY1", "SeleniumTutorialY1\SeleniumTutorialY1.csproj", "{09F91110-58C0-407A-993A-88A1994D7978}"
EndProject
Global
	GlobalSection(SolutionConfigurationPlatforms) = preSolution
		Debug|Any CPU = Debug|Any CPU
		Release|Any CPU = Release|Any CPU
	EndGlobalSection
	GlobalSection(ProjectConfigurationPlatforms) = postSolution
		{09F91110-58C0-407A-993A-88A1994D7978}.Debug|Any CPU.ActiveCfg = Debug|Any CPU
		{09F91110-58C0-407A-993A-88A1994D7978}.Debug|Any CPU.Build.0 = Debug|Any CPU
		{09F91110-58C0-407A-993A-88A1994D7978}.Release|Any CPU.ActiveCfg = Release|Any CPU
		{09F91110-58C0-407A-993A-88A1994D7978}.Release|Any CPU.Build.0 = Release|Any CPU
	EndGlobalSection
	GlobalSection(SolutionProperties) = preSolution
		HideSolutionNode = FALSE
	EndGlobalSection
	GlobalSection(ExtensibilityGlobals) = postSolution
		SolutionGuid = {E2987FCB-7C98-4590-96DB-C25A69ABB3F1}
	EndGlobalSection
EndGlobal
