
Microsoft Visual Studio Solution File, Format Version 12.00
# Visual Studio 15
VisualStudioVersion = 15.0.27130.2036
MinimumVisualStudioVersion = 10.0.40219.1
Project("{FAE04EC0-301F-11D3-BF4B-00C04F79EFBC}") = "Task_1", "Task_1\Task_1.csproj", "{BC667D88-9426-464E-A9C5-001A141ABB88}"
EndProject
Global
	GlobalSection(SolutionConfigurationPlatforms) = preSolution
		Debug|Any CPU = Debug|Any CPU
		Release|Any CPU = Release|Any CPU
	EndGlobalSection
	GlobalSection(ProjectConfigurationPlatforms) = postSolution
		{BC667D88-9426-464E-A9C5-001A141ABB88}.Debug|Any CPU.ActiveCfg = Debug|Any CPU
		{BC667D88-9426-464E-A9C5-001A141ABB88}.Debug|Any CPU.Build.0 = Debug|Any CPU
		{BC667D88-9426-464E-A9C5-001A141ABB88}.Release|Any CPU.ActiveCfg = Release|Any CPU
		{BC667D88-9426-464E-A9C5-001A141ABB88}.Release|Any CPU.Build.0 = Release|Any CPU
	EndGlobalSection
	GlobalSection(SolutionProperties) = preSolution
		HideSolutionNode = FALSE
	EndGlobalSection
	GlobalSection(ExtensibilityGlobals) = postSolution
		SolutionGuid = {BD3153A0-DB99-4D12-A13D-F08C7473893A}
	EndGlobalSection
EndGlobal
