
Microsoft Visual Studio Solution File, Format Version 12.00
# Visual Studio 15
VisualStudioVersion = 15.0.27130.2036
MinimumVisualStudioVersion = 10.0.40219.1
Project("{FAE04EC0-301F-11D3-BF4B-00C04F79EFBC}") = "Events", "Events\Events.csproj", "{7168C86B-FF93-4986-A36A-E7D4CC0B26A3}"
EndProject
Project("{FAE04EC0-301F-11D3-BF4B-00C04F79EFBC}") = "Events1", "Events1\Events1.csproj", "{8DC7AEC6-0B96-47B2-908C-AD0F7AC74FFF}"
EndProject
Global
	GlobalSection(SolutionConfigurationPlatforms) = preSolution
		Debug|Any CPU = Debug|Any CPU
		Release|Any CPU = Release|Any CPU
	EndGlobalSection
	GlobalSection(ProjectConfigurationPlatforms) = postSolution
		{7168C86B-FF93-4986-A36A-E7D4CC0B26A3}.Debug|Any CPU.ActiveCfg = Debug|Any CPU
		{7168C86B-FF93-4986-A36A-E7D4CC0B26A3}.Debug|Any CPU.Build.0 = Debug|Any CPU
		{7168C86B-FF93-4986-A36A-E7D4CC0B26A3}.Release|Any CPU.ActiveCfg = Release|Any CPU
		{7168C86B-FF93-4986-A36A-E7D4CC0B26A3}.Release|Any CPU.Build.0 = Release|Any CPU
		{8DC7AEC6-0B96-47B2-908C-AD0F7AC74FFF}.Debug|Any CPU.ActiveCfg = Debug|Any CPU
		{8DC7AEC6-0B96-47B2-908C-AD0F7AC74FFF}.Debug|Any CPU.Build.0 = Debug|Any CPU
		{8DC7AEC6-0B96-47B2-908C-AD0F7AC74FFF}.Release|Any CPU.ActiveCfg = Release|Any CPU
		{8DC7AEC6-0B96-47B2-908C-AD0F7AC74FFF}.Release|Any CPU.Build.0 = Release|Any CPU
	EndGlobalSection
	GlobalSection(SolutionProperties) = preSolution
		HideSolutionNode = FALSE
	EndGlobalSection
	GlobalSection(ExtensibilityGlobals) = postSolution
		SolutionGuid = {A5618790-040B-4495-B6E1-BBC83AEFF23B}
	EndGlobalSection
EndGlobal
