
Microsoft Visual Studio Solution File, Format Version 12.00
# Visual Studio 15
VisualStudioVersion = 15.0.27428.1
MinimumVisualStudioVersion = 10.0.40219.1
Project("{FAE04EC0-301F-11D3-BF4B-00C04F79EFBC}") = "EventsFiddle10", "EventsFiddle10\EventsFiddle10.csproj", "{AB48DCA9-3928-495F-B2EF-F2D00DE3600D}"
EndProject
Global
	GlobalSection(SolutionConfigurationPlatforms) = preSolution
		Debug|Any CPU = Debug|Any CPU
		Release|Any CPU = Release|Any CPU
	EndGlobalSection
	GlobalSection(ProjectConfigurationPlatforms) = postSolution
		{AB48DCA9-3928-495F-B2EF-F2D00DE3600D}.Debug|Any CPU.ActiveCfg = Debug|Any CPU
		{AB48DCA9-3928-495F-B2EF-F2D00DE3600D}.Debug|Any CPU.Build.0 = Debug|Any CPU
		{AB48DCA9-3928-495F-B2EF-F2D00DE3600D}.Release|Any CPU.ActiveCfg = Release|Any CPU
		{AB48DCA9-3928-495F-B2EF-F2D00DE3600D}.Release|Any CPU.Build.0 = Release|Any CPU
	EndGlobalSection
	GlobalSection(SolutionProperties) = preSolution
		HideSolutionNode = FALSE
	EndGlobalSection
	GlobalSection(ExtensibilityGlobals) = postSolution
		SolutionGuid = {04EE3D43-CDBD-4D2C-A7E3-B4769CF30CF5}
	EndGlobalSection
EndGlobal
