
Microsoft Visual Studio Solution File, Format Version 12.00
# Visual Studio Version 16
VisualStudioVersion = 16.0.29728.190
MinimumVisualStudioVersion = 10.0.40219.1
Project("{FAE04EC0-301F-11D3-BF4B-00C04F79EFBC}") = "NUnitTestAttributes", "NUnitTestAttributes\NUnitTestAttributes.csproj", "{0AA54137-634D-463E-B100-767A86973DAD}"
EndProject
Global
	GlobalSection(SolutionConfigurationPlatforms) = preSolution
		Debug|Any CPU = Debug|Any CPU
		Release|Any CPU = Release|Any CPU
	EndGlobalSection
	GlobalSection(ProjectConfigurationPlatforms) = postSolution
		{0AA54137-634D-463E-B100-767A86973DAD}.Debug|Any CPU.ActiveCfg = Debug|Any CPU
		{0AA54137-634D-463E-B100-767A86973DAD}.Debug|Any CPU.Build.0 = Debug|Any CPU
		{0AA54137-634D-463E-B100-767A86973DAD}.Release|Any CPU.ActiveCfg = Release|Any CPU
		{0AA54137-634D-463E-B100-767A86973DAD}.Release|Any CPU.Build.0 = Release|Any CPU
	EndGlobalSection
	GlobalSection(SolutionProperties) = preSolution
		HideSolutionNode = FALSE
	EndGlobalSection
	GlobalSection(ExtensibilityGlobals) = postSolution
		SolutionGuid = {21C9C194-9789-4BE0-A91E-950C81B44BD8}
	EndGlobalSection
EndGlobal
