
Microsoft Visual Studio Solution File, Format Version 12.00
# Visual Studio 15
VisualStudioVersion = 15.0.27428.1
MinimumVisualStudioVersion = 10.0.40219.1
Project("{FAE04EC0-301F-11D3-BF4B-00C04F79EFBC}") = "Employee2", "Employee2\Employee2.csproj", "{7380BF7E-C1C5-47BD-9D18-B6F4F49CDCC5}"
EndProject
Global
	GlobalSection(SolutionConfigurationPlatforms) = preSolution
		Debug|Any CPU = Debug|Any CPU
		Release|Any CPU = Release|Any CPU
	EndGlobalSection
	GlobalSection(ProjectConfigurationPlatforms) = postSolution
		{7380BF7E-C1C5-47BD-9D18-B6F4F49CDCC5}.Debug|Any CPU.ActiveCfg = Debug|Any CPU
		{7380BF7E-C1C5-47BD-9D18-B6F4F49CDCC5}.Debug|Any CPU.Build.0 = Debug|Any CPU
		{7380BF7E-C1C5-47BD-9D18-B6F4F49CDCC5}.Release|Any CPU.ActiveCfg = Release|Any CPU
		{7380BF7E-C1C5-47BD-9D18-B6F4F49CDCC5}.Release|Any CPU.Build.0 = Release|Any CPU
	EndGlobalSection
	GlobalSection(SolutionProperties) = preSolution
		HideSolutionNode = FALSE
	EndGlobalSection
	GlobalSection(ExtensibilityGlobals) = postSolution
		SolutionGuid = {33B28B0F-0B05-4616-8509-8EC626DB2213}
	EndGlobalSection
EndGlobal
