
Microsoft Visual Studio Solution File, Format Version 12.00
# Visual Studio Version 16
VisualStudioVersion = 16.0.29403.142
MinimumVisualStudioVersion = 10.0.40219.1
Project("{FAE04EC0-301F-11D3-BF4B-00C04F79EFBC}") = "A2", "ConsoleApp1\A2.csproj", "{FA95F583-995C-4C24-BB69-919A5D24AF86}"
EndProject
Project("{FAE04EC0-301F-11D3-BF4B-00C04F79EFBC}") = "A3", "..\A3\A3.csproj", "{1788A644-7E28-4B18-9F9C-BD7DEE335FD4}"
EndProject
Global
	GlobalSection(SolutionConfigurationPlatforms) = preSolution
		Debug|Any CPU = Debug|Any CPU
		Release|Any CPU = Release|Any CPU
	EndGlobalSection
	GlobalSection(ProjectConfigurationPlatforms) = postSolution
		{FA95F583-995C-4C24-BB69-919A5D24AF86}.Debug|Any CPU.ActiveCfg = Debug|Any CPU
		{FA95F583-995C-4C24-BB69-919A5D24AF86}.Debug|Any CPU.Build.0 = Debug|Any CPU
		{FA95F583-995C-4C24-BB69-919A5D24AF86}.Release|Any CPU.ActiveCfg = Release|Any CPU
		{FA95F583-995C-4C24-BB69-919A5D24AF86}.Release|Any CPU.Build.0 = Release|Any CPU
		{1788A644-7E28-4B18-9F9C-BD7DEE335FD4}.Debug|Any CPU.ActiveCfg = Debug|Any CPU
		{1788A644-7E28-4B18-9F9C-BD7DEE335FD4}.Debug|Any CPU.Build.0 = Debug|Any CPU
		{1788A644-7E28-4B18-9F9C-BD7DEE335FD4}.Release|Any CPU.ActiveCfg = Release|Any CPU
		{1788A644-7E28-4B18-9F9C-BD7DEE335FD4}.Release|Any CPU.Build.0 = Release|Any CPU
	EndGlobalSection
	GlobalSection(SolutionProperties) = preSolution
		HideSolutionNode = FALSE
	EndGlobalSection
	GlobalSection(ExtensibilityGlobals) = postSolution
		SolutionGuid = {EBCFF766-0369-4358-97C4-B26F68DBB9C3}
	EndGlobalSection
EndGlobal
